
Microsoft Visual Studio Solution File, Format Version 12.00
# Visual Studio Version 17
VisualStudioVersion = 17.5.002.0
MinimumVisualStudioVersion = 10.0.40219.1
Project("{2150E333-8FDC-42A3-9474-1A3956D46DE8}") = "Back", "Back", "{9083A665-BA30-43A4-9954-F9FAF6EE6286}"
EndProject
Project("{2150E333-8FDC-42A3-9474-1A3956D46DE8}") = "src", "src", "{31BB004C-C300-4E22-BEAE-4F04C245E8BA}"
EndProject
Project("{9A19103F-16F7-4668-BE54-9A1E7A4F7556}") = "ProjetoWeb.API", "Back\src\ProjetoWeb.API\ProjetoWeb.API.csproj", "{4A0978CA-76A1-440C-A090-D12EF7552D1D}"
EndProject
Global
	GlobalSection(SolutionConfigurationPlatforms) = preSolution
		Debug|Any CPU = Debug|Any CPU
		Release|Any CPU = Release|Any CPU
	EndGlobalSection
	GlobalSection(ProjectConfigurationPlatforms) = postSolution
		{4A0978CA-76A1-440C-A090-D12EF7552D1D}.Debug|Any CPU.ActiveCfg = Debug|Any CPU
		{4A0978CA-76A1-440C-A090-D12EF7552D1D}.Debug|Any CPU.Build.0 = Debug|Any CPU
		{4A0978CA-76A1-440C-A090-D12EF7552D1D}.Release|Any CPU.ActiveCfg = Release|Any CPU
		{4A0978CA-76A1-440C-A090-D12EF7552D1D}.Release|Any CPU.Build.0 = Release|Any CPU
	EndGlobalSection
	GlobalSection(SolutionProperties) = preSolution
		HideSolutionNode = FALSE
	EndGlobalSection
	GlobalSection(NestedProjects) = preSolution
		{31BB004C-C300-4E22-BEAE-4F04C245E8BA} = {9083A665-BA30-43A4-9954-F9FAF6EE6286}
		{4A0978CA-76A1-440C-A090-D12EF7552D1D} = {31BB004C-C300-4E22-BEAE-4F04C245E8BA}
	EndGlobalSection
	GlobalSection(ExtensibilityGlobals) = postSolution
		SolutionGuid = {11F76673-C2FB-48AB-AA7B-4E21EECD2DA3}
	EndGlobalSection
EndGlobal
